
Microsoft Visual Studio Solution File, Format Version 12.00
# Visual Studio 15
VisualStudioVersion = 15.0.26403.7
MinimumVisualStudioVersion = 10.0.40219.1
Project("{E53339B2-1760-4266-BCC7-CA923CBCF16C}") = "docker-compose", "docker-compose.dcproj", "{522D5E81-B103-496D-B752-195D1179FE2C}"
EndProject
Project("{FAE04EC0-301F-11D3-BF4B-00C04F79EFBC}") = "WoleServer.Api.Computer", "WoleServer.Api.Computer\WoleServer.Api.Computer.csproj", "{0AC40C3A-84B1-4C9E-984F-27DE5926FA44}"
EndProject
Project("{2150E333-8FDC-42A3-9474-1A3956D46DE8}") = "99 - Docker", "99 - Docker", "{7185E6E6-C8E1-464B-9D39-CF859216317E}"
EndProject
Project("{2150E333-8FDC-42A3-9474-1A3956D46DE8}") = "0 - Common", "0 - Common", "{C4516C35-A393-4241-B59D-DBC139920FF0}"
EndProject
Project("{2150E333-8FDC-42A3-9474-1A3956D46DE8}") = "1 - Api", "1 - Api", "{45FA285E-CB94-474F-B748-F687D72BE857}"
EndProject
Project("{FAE04EC0-301F-11D3-BF4B-00C04F79EFBC}") = "WoleServer.Common", "WoleServer.Common\WoleServer.Common.csproj", "{A84C7FF4-9C58-45FD-897F-C1D57E83C785}"
EndProject
Project("{FAE04EC0-301F-11D3-BF4B-00C04F79EFBC}") = "WoleServer.Api.Ping", "WoleServer.Api.Ping\WoleServer.Api.Ping.csproj", "{704D0103-21E8-4F17-A1B4-79DA84C0F305}"
EndProject
Global
	GlobalSection(SolutionConfigurationPlatforms) = preSolution
		Debug|Any CPU = Debug|Any CPU
		Release|Any CPU = Release|Any CPU
	EndGlobalSection
	GlobalSection(ProjectConfigurationPlatforms) = postSolution
		{522D5E81-B103-496D-B752-195D1179FE2C}.Debug|Any CPU.ActiveCfg = Debug|Any CPU
		{522D5E81-B103-496D-B752-195D1179FE2C}.Debug|Any CPU.Build.0 = Debug|Any CPU
		{522D5E81-B103-496D-B752-195D1179FE2C}.Release|Any CPU.ActiveCfg = Release|Any CPU
		{522D5E81-B103-496D-B752-195D1179FE2C}.Release|Any CPU.Build.0 = Release|Any CPU
		{0AC40C3A-84B1-4C9E-984F-27DE5926FA44}.Debug|Any CPU.ActiveCfg = Debug|Any CPU
		{0AC40C3A-84B1-4C9E-984F-27DE5926FA44}.Debug|Any CPU.Build.0 = Debug|Any CPU
		{0AC40C3A-84B1-4C9E-984F-27DE5926FA44}.Release|Any CPU.ActiveCfg = Release|Any CPU
		{0AC40C3A-84B1-4C9E-984F-27DE5926FA44}.Release|Any CPU.Build.0 = Release|Any CPU
		{A84C7FF4-9C58-45FD-897F-C1D57E83C785}.Debug|Any CPU.ActiveCfg = Debug|Any CPU
		{A84C7FF4-9C58-45FD-897F-C1D57E83C785}.Debug|Any CPU.Build.0 = Debug|Any CPU
		{A84C7FF4-9C58-45FD-897F-C1D57E83C785}.Release|Any CPU.ActiveCfg = Release|Any CPU
		{A84C7FF4-9C58-45FD-897F-C1D57E83C785}.Release|Any CPU.Build.0 = Release|Any CPU
		{704D0103-21E8-4F17-A1B4-79DA84C0F305}.Debug|Any CPU.ActiveCfg = Debug|Any CPU
		{704D0103-21E8-4F17-A1B4-79DA84C0F305}.Debug|Any CPU.Build.0 = Debug|Any CPU
		{704D0103-21E8-4F17-A1B4-79DA84C0F305}.Release|Any CPU.ActiveCfg = Release|Any CPU
		{704D0103-21E8-4F17-A1B4-79DA84C0F305}.Release|Any CPU.Build.0 = Release|Any CPU
	EndGlobalSection
	GlobalSection(SolutionProperties) = preSolution
		HideSolutionNode = FALSE
	EndGlobalSection
	GlobalSection(NestedProjects) = preSolution
		{522D5E81-B103-496D-B752-195D1179FE2C} = {7185E6E6-C8E1-464B-9D39-CF859216317E}
		{0AC40C3A-84B1-4C9E-984F-27DE5926FA44} = {45FA285E-CB94-474F-B748-F687D72BE857}
		{A84C7FF4-9C58-45FD-897F-C1D57E83C785} = {C4516C35-A393-4241-B59D-DBC139920FF0}
		{704D0103-21E8-4F17-A1B4-79DA84C0F305} = {45FA285E-CB94-474F-B748-F687D72BE857}
	EndGlobalSection
EndGlobal
